// !$*UTF8*$!
{
	archiveVersion = 1;
	classes = {
	};
	objectVersion = 46;
	objects = {

/* Begin PBXBuildFile section */
		4721E6682735C0630098008D /* logger.c in Sources */ = {isa = PBXBuildFile; fileRef = 4721E667273518820098008D /* logger.c */; };
		4781C2762549DBFE0065D6D0 /* etii_server.c in Sources */ = {isa = PBXBuildFile; fileRef = 4781C2572549DBFD0065D6D0 /* etii_server.c */; };
		4781C2772549DBFE0065D6D0 /* tcpserver.c in Sources */ = {isa = PBXBuildFile; fileRef = 4781C2592549DBFD0065D6D0 /* tcpserver.c */; };
		4781C2782549DBFE0065D6D0 /* possibility.c in Sources */ = {isa = PBXBuildFile; fileRef = 4781C25B2549DBFD0065D6D0 /* possibility.c */; };
		4781C2792549DBFE0065D6D0 /* lifo.c in Sources */ = {isa = PBXBuildFile; fileRef = 4781C25C2549DBFD0065D6D0 /* lifo.c */; };
		4781C27A2549DBFE0065D6D0 /* datamanager.c in Sources */ = {isa = PBXBuildFile; fileRef = 4781C25E2549DBFD0065D6D0 /* datamanager.c */; };
		4781C27B2549DBFE0065D6D0 /* tcpclient.c in Sources */ = {isa = PBXBuildFile; fileRef = 4781C2612549DBFD0065D6D0 /* tcpclient.c */; };
		4781C27C2549DBFE0065D6D0 /* static_variables.c in Sources */ = {isa = PBXBuildFile; fileRef = 4781C2642549DBFD0065D6D0 /* static_variables.c */; };
		4781C27D2549DBFE0065D6D0 /* main.c in Sources */ = {isa = PBXBuildFile; fileRef = 4781C2682549DBFD0065D6D0 /* main.c */; };
		4781C27E2549DBFE0065D6D0 /* console.c in Sources */ = {isa = PBXBuildFile; fileRef = 4781C26A2549DBFD0065D6D0 /* console.c */; };
		4781C27F2549DBFE0065D6D0 /* etii_client.c in Sources */ = {isa = PBXBuildFile; fileRef = 4781C26C2549DBFD0065D6D0 /* etii_client.c */; };
		4781C2802549DBFE0065D6D0 /* readdata.c in Sources */ = {isa = PBXBuildFile; fileRef = 4781C26D2549DBFE0065D6D0 /* readdata.c */; };
		4781C2812549DBFE0065D6D0 /* etii_protocol.c in Sources */ = {isa = PBXBuildFile; fileRef = 4781C26E2549DBFE0065D6D0 /* etii_protocol.c */; };
		4781C2822549DBFE0065D6D0 /* etii_search.c in Sources */ = {isa = PBXBuildFile; fileRef = 4781C26F2549DBFE0065D6D0 /* etii_search.c */; };
		4781C2832549DBFE0065D6D0 /* part.c in Sources */ = {isa = PBXBuildFile; fileRef = 4781C2732549DBFE0065D6D0 /* part.c */; };
		47BEE79F2569013F0047C348 /* command_lines.c in Sources */ = {isa = PBXBuildFile; fileRef = 47BEE79D256821230047C348 /* command_lines.c */; };
		47D25A5625658F080025E241 /* local_socket.c in Sources */ = {isa = PBXBuildFile; fileRef = 47D25A5325658E9C0025E241 /* local_socket.c */; };
/* End PBXBuildFile section */

/* Begin PBXCopyFilesBuildPhase section */
		4792036217B94EDE00B9DD3C /* CopyFiles */ = {
			isa = PBXCopyFilesBuildPhase;
			buildActionMask = 8;
			dstPath = /usr/share/man/man1;
			dstSubfolderSpec = 0;
			files = (
			);
			runOnlyForDeploymentPostprocessing = 1;
		};
/* End PBXCopyFilesBuildPhase section */

/* Begin PBXFileReference section */
		4721E6662735150F0098008D /* logger.h */ = {isa = PBXFileReference; lastKnownFileType = sourcecode.c.h; path = logger.h; sourceTree = "<group>"; };
		4721E667273518820098008D /* logger.c */ = {isa = PBXFileReference; lastKnownFileType = sourcecode.c.c; path = logger.c; sourceTree = "<group>"; };
		4781C2572549DBFD0065D6D0 /* etii_server.c */ = {isa = PBXFileReference; fileEncoding = 4; lastKnownFileType = sourcecode.c.c; path = etii_server.c; sourceTree = "<group>"; };
		4781C2582549DBFD0065D6D0 /* possibility.h */ = {isa = PBXFileReference; fileEncoding = 4; lastKnownFileType = sourcecode.c.h; path = possibility.h; sourceTree = "<group>"; };
		4781C2592549DBFD0065D6D0 /* tcpserver.c */ = {isa = PBXFileReference; fileEncoding = 4; lastKnownFileType = sourcecode.c.c; path = tcpserver.c; sourceTree = "<group>"; };
		4781C25A2549DBFD0065D6D0 /* lifo.h */ = {isa = PBXFileReference; fileEncoding = 4; lastKnownFileType = sourcecode.c.h; path = lifo.h; sourceTree = "<group>"; };
		4781C25B2549DBFD0065D6D0 /* possibility.c */ = {isa = PBXFileReference; fileEncoding = 4; lastKnownFileType = sourcecode.c.c; path = possibility.c; sourceTree = "<group>"; };
		4781C25C2549DBFD0065D6D0 /* lifo.c */ = {isa = PBXFileReference; fileEncoding = 4; lastKnownFileType = sourcecode.c.c; path = lifo.c; sourceTree = "<group>"; };
		4781C25D2549DBFD0065D6D0 /* static_variables.h */ = {isa = PBXFileReference; fileEncoding = 4; lastKnownFileType = sourcecode.c.h; path = static_variables.h; sourceTree = "<group>"; };
		4781C25E2549DBFD0065D6D0 /* datamanager.c */ = {isa = PBXFileReference; fileEncoding = 4; lastKnownFileType = sourcecode.c.c; path = datamanager.c; sourceTree = "<group>"; };
		4781C25F2549DBFD0065D6D0 /* README.md */ = {isa = PBXFileReference; fileEncoding = 4; lastKnownFileType = net.daringfireball.markdown; path = README.md; sourceTree = "<group>"; };
		4781C2612549DBFD0065D6D0 /* tcpclient.c */ = {isa = PBXFileReference; fileEncoding = 4; lastKnownFileType = sourcecode.c.c; path = tcpclient.c; sourceTree = "<group>"; };
		4781C2622549DBFD0065D6D0 /* tcpclient.h */ = {isa = PBXFileReference; fileEncoding = 4; lastKnownFileType = sourcecode.c.h; path = tcpclient.h; sourceTree = "<group>"; };
		4781C2632549DBFD0065D6D0 /* tcpserver.h */ = {isa = PBXFileReference; fileEncoding = 4; lastKnownFileType = sourcecode.c.h; path = tcpserver.h; sourceTree = "<group>"; };
		4781C2642549DBFD0065D6D0 /* static_variables.c */ = {isa = PBXFileReference; fileEncoding = 4; lastKnownFileType = sourcecode.c.c; path = static_variables.c; sourceTree = "<group>"; };
		4781C2652549DBFD0065D6D0 /* etii_server.h */ = {isa = PBXFileReference; fileEncoding = 4; lastKnownFileType = sourcecode.c.h; path = etii_server.h; sourceTree = "<group>"; };
		4781C2662549DBFD0065D6D0 /* datamanager.h */ = {isa = PBXFileReference; fileEncoding = 4; lastKnownFileType = sourcecode.c.h; path = datamanager.h; sourceTree = "<group>"; };
		4781C2672549DBFD0065D6D0 /* etii_client.h */ = {isa = PBXFileReference; fileEncoding = 4; lastKnownFileType = sourcecode.c.h; path = etii_client.h; sourceTree = "<group>"; };
		4781C2682549DBFD0065D6D0 /* main.c */ = {isa = PBXFileReference; fileEncoding = 4; lastKnownFileType = sourcecode.c.c; path = main.c; sourceTree = "<group>"; };
		4781C2692549DBFD0065D6D0 /* pieces.csv */ = {isa = PBXFileReference; fileEncoding = 4; lastKnownFileType = text; path = pieces.csv; sourceTree = "<group>"; };
		4781C26A2549DBFD0065D6D0 /* console.c */ = {isa = PBXFileReference; fileEncoding = 4; lastKnownFileType = sourcecode.c.c; path = console.c; sourceTree = "<group>"; };
		4781C26B2549DBFD0065D6D0 /* console.h */ = {isa = PBXFileReference; fileEncoding = 4; lastKnownFileType = sourcecode.c.h; path = console.h; sourceTree = "<group>"; };
		4781C26C2549DBFD0065D6D0 /* etii_client.c */ = {isa = PBXFileReference; fileEncoding = 4; lastKnownFileType = sourcecode.c.c; path = etii_client.c; sourceTree = "<group>"; };
		4781C26D2549DBFE0065D6D0 /* readdata.c */ = {isa = PBXFileReference; fileEncoding = 4; lastKnownFileType = sourcecode.c.c; path = readdata.c; sourceTree = "<group>"; };
		4781C26E2549DBFE0065D6D0 /* etii_protocol.c */ = {isa = PBXFileReference; fileEncoding = 4; lastKnownFileType = sourcecode.c.c; path = etii_protocol.c; sourceTree = "<group>"; };
		4781C26F2549DBFE0065D6D0 /* etii_search.c */ = {isa = PBXFileReference; fileEncoding = 4; lastKnownFileType = sourcecode.c.c; path = etii_search.c; sourceTree = "<group>"; };
		4781C2702549DBFE0065D6D0 /* etii_protocol.h */ = {isa = PBXFileReference; fileEncoding = 4; lastKnownFileType = sourcecode.c.h; path = etii_protocol.h; sourceTree = "<group>"; };
		4781C2712549DBFE0065D6D0 /* etii_search.h */ = {isa = PBXFileReference; fileEncoding = 4; lastKnownFileType = sourcecode.c.h; path = etii_search.h; sourceTree = "<group>"; };
		4781C2722549DBFE0065D6D0 /* readdata.h */ = {isa = PBXFileReference; fileEncoding = 4; lastKnownFileType = sourcecode.c.h; path = readdata.h; sourceTree = "<group>"; };
		4781C2732549DBFE0065D6D0 /* part.c */ = {isa = PBXFileReference; fileEncoding = 4; lastKnownFileType = sourcecode.c.c; path = part.c; sourceTree = "<group>"; };
		4781C2752549DBFE0065D6D0 /* part.h */ = {isa = PBXFileReference; fileEncoding = 4; lastKnownFileType = sourcecode.c.h; path = part.h; sourceTree = "<group>"; };
		4781C2912549ED6B0065D6D0 /* eternityII */ = {isa = PBXFileReference; explicitFileType = "compiled.mach-o.executable"; includeInIndex = 0; path = eternityII; sourceTree = BUILT_PRODUCTS_DIR; };
		479C0939256AD4FF000163EE /* etii_statistic.h */ = {isa = PBXFileReference; lastKnownFileType = sourcecode.c.h; path = etii_statistic.h; sourceTree = "<group>"; };
		47BEE79C256821230047C348 /* command_lines.h */ = {isa = PBXFileReference; lastKnownFileType = sourcecode.c.h; path = command_lines.h; sourceTree = "<group>"; };
		47BEE79D256821230047C348 /* command_lines.c */ = {isa = PBXFileReference; lastKnownFileType = sourcecode.c.c; path = command_lines.c; sourceTree = "<group>"; };
		47D25A5325658E9C0025E241 /* local_socket.c */ = {isa = PBXFileReference; lastKnownFileType = sourcecode.c.c; path = local_socket.c; sourceTree = "<group>"; };
		47D25A5425658E9C0025E241 /* local_socket.h */ = {isa = PBXFileReference; lastKnownFileType = sourcecode.c.h; path = local_socket.h; sourceTree = "<group>"; };
/* End PBXFileReference section */

/* Begin PBXFrameworksBuildPhase section */
		4792036117B94EDE00B9DD3C /* Frameworks */ = {
			isa = PBXFrameworksBuildPhase;
			buildActionMask = 2147483647;
			files = (
			);
			runOnlyForDeploymentPostprocessing = 0;
		};
/* End PBXFrameworksBuildPhase section */

/* Begin PBXGroup section */
		4781C2882549DE320065D6D0 /* Products */ = {
			isa = PBXGroup;
			children = (
				4781C2912549ED6B0065D6D0 /* eternityII */,
			);
			name = Products;
			sourceTree = "<group>";
		};
		4792035B17B94EDE00B9DD3C = {
			isa = PBXGroup;
			children = (
				4721E667273518820098008D /* logger.c */,
				4721E6662735150F0098008D /* logger.h */,
				479C0939256AD4FF000163EE /* etii_statistic.h */,
				47BEE79C256821230047C348 /* command_lines.h */,
				47BEE79D256821230047C348 /* command_lines.c */,
				47D25A5325658E9C0025E241 /* local_socket.c */,
				47D25A5425658E9C0025E241 /* local_socket.h */,
				4781C26A2549DBFD0065D6D0 /* console.c */,
				4781C26B2549DBFD0065D6D0 /* console.h */,
				4781C25E2549DBFD0065D6D0 /* datamanager.c */,
				4781C2662549DBFD0065D6D0 /* datamanager.h */,
				4781C26C2549DBFD0065D6D0 /* etii_client.c */,
				4781C2672549DBFD0065D6D0 /* etii_client.h */,
				4781C26E2549DBFE0065D6D0 /* etii_protocol.c */,
				4781C2702549DBFE0065D6D0 /* etii_protocol.h */,
				4781C26F2549DBFE0065D6D0 /* etii_search.c */,
				4781C2712549DBFE0065D6D0 /* etii_search.h */,
				4781C2572549DBFD0065D6D0 /* etii_server.c */,
				4781C2652549DBFD0065D6D0 /* etii_server.h */,
				4781C25C2549DBFD0065D6D0 /* lifo.c */,
				4781C25A2549DBFD0065D6D0 /* lifo.h */,
				4781C2682549DBFD0065D6D0 /* main.c */,
				4781C2732549DBFE0065D6D0 /* part.c */,
				4781C2752549DBFE0065D6D0 /* part.h */,
				4781C2692549DBFD0065D6D0 /* pieces.csv */,
				4781C25B2549DBFD0065D6D0 /* possibility.c */,
				4781C2582549DBFD0065D6D0 /* possibility.h */,
				4781C26D2549DBFE0065D6D0 /* readdata.c */,
				4781C2722549DBFE0065D6D0 /* readdata.h */,
				4781C25F2549DBFD0065D6D0 /* README.md */,
				4781C2642549DBFD0065D6D0 /* static_variables.c */,
				4781C25D2549DBFD0065D6D0 /* static_variables.h */,
				4781C2612549DBFD0065D6D0 /* tcpclient.c */,
				4781C2622549DBFD0065D6D0 /* tcpclient.h */,
				4781C2592549DBFD0065D6D0 /* tcpserver.c */,
				4781C2632549DBFD0065D6D0 /* tcpserver.h */,
				4781C2882549DE320065D6D0 /* Products */,
			);
			sourceTree = "<group>";
		};
/* End PBXGroup section */

/* Begin PBXNativeTarget section */
		4792036317B94EDE00B9DD3C /* eternityII */ = {
			isa = PBXNativeTarget;
			buildConfigurationList = 4792036D17B94EDE00B9DD3C /* Build configuration list for PBXNativeTarget "eternityII" */;
			buildPhases = (
				4792036017B94EDE00B9DD3C /* Sources */,
				4792036117B94EDE00B9DD3C /* Frameworks */,
				4792036217B94EDE00B9DD3C /* CopyFiles */,
			);
			buildRules = (
			);
			dependencies = (
			);
			name = eternityII;
			productName = EthServer;
			productReference = 4781C2912549ED6B0065D6D0 /* eternityII */;
			productType = "com.apple.product-type.tool";
		};
/* End PBXNativeTarget section */

/* Begin PBXProject section */
		4792035C17B94EDE00B9DD3C /* Project object */ = {
			isa = PBXProject;
			attributes = {
				LastUpgradeCheck = 1200;
				ORGANIZATIONNAME = "Xavier GRIFFON";
			};
			buildConfigurationList = 4792035F17B94EDE00B9DD3C /* Build configuration list for PBXProject "eternityII" */;
			compatibilityVersion = "Xcode 3.2";
			developmentRegion = en;
			hasScannedForEncodings = 0;
			knownRegions = (
				en,
				Base,
			);
			mainGroup = 4792035B17B94EDE00B9DD3C;
			productRefGroup = 4781C2882549DE320065D6D0 /* Products */;
			projectDirPath = "";
			projectRoot = "";
			targets = (
				4792036317B94EDE00B9DD3C /* eternityII */,
			);
		};
/* End PBXProject section */

/* Begin PBXSourcesBuildPhase section */
		4792036017B94EDE00B9DD3C /* Sources */ = {
			isa = PBXSourcesBuildPhase;
			buildActionMask = 2147483647;
			files = (
				4721E6682735C0630098008D /* logger.c in Sources */,
				47D25A5625658F080025E241 /* local_socket.c in Sources */,
				4781C2812549DBFE0065D6D0 /* etii_protocol.c in Sources */,
				4781C27E2549DBFE0065D6D0 /* console.c in Sources */,
				4781C2772549DBFE0065D6D0 /* tcpserver.c in Sources */,
				4781C2792549DBFE0065D6D0 /* lifo.c in Sources */,
				4781C27A2549DBFE0065D6D0 /* datamanager.c in Sources */,
				4781C2762549DBFE0065D6D0 /* etii_server.c in Sources */,
				47BEE79F2569013F0047C348 /* command_lines.c in Sources */,
				4781C27D2549DBFE0065D6D0 /* main.c in Sources */,
				4781C27B2549DBFE0065D6D0 /* tcpclient.c in Sources */,
				4781C27F2549DBFE0065D6D0 /* etii_client.c in Sources */,
				4781C27C2549DBFE0065D6D0 /* static_variables.c in Sources */,
				4781C2782549DBFE0065D6D0 /* possibility.c in Sources */,
				4781C2802549DBFE0065D6D0 /* readdata.c in Sources */,
				4781C2832549DBFE0065D6D0 /* part.c in Sources */,
				4781C2822549DBFE0065D6D0 /* etii_search.c in Sources */,
			);
			runOnlyForDeploymentPostprocessing = 0;
		};
/* End PBXSourcesBuildPhase section */

/* Begin XCBuildConfiguration section */
		4792036B17B94EDE00B9DD3C /* Debug */ = {
			isa = XCBuildConfiguration;
			buildSettings = {
				ALWAYS_SEARCH_USER_PATHS = NO;
				CLANG_ANALYZER_LOCALIZABILITY_NONLOCALIZED = YES;
				CLANG_CXX_LANGUAGE_STANDARD = "gnu++0x";
				CLANG_CXX_LIBRARY = "libc++";
				CLANG_WARN_BLOCK_CAPTURE_AUTORELEASING = YES;
				CLANG_WARN_BOOL_CONVERSION = YES;
				CLANG_WARN_COMMA = YES;
				CLANG_WARN_CONSTANT_CONVERSION = YES;
				CLANG_WARN_DEPRECATED_OBJC_IMPLEMENTATIONS = YES;
				CLANG_WARN_EMPTY_BODY = YES;
				CLANG_WARN_ENUM_CONVERSION = YES;
				CLANG_WARN_INFINITE_RECURSION = YES;
				CLANG_WARN_INT_CONVERSION = YES;
				CLANG_WARN_NON_LITERAL_NULL_CONVERSION = YES;
				CLANG_WARN_OBJC_IMPLICIT_RETAIN_SELF = YES;
				CLANG_WARN_OBJC_LITERAL_CONVERSION = YES;
				CLANG_WARN_QUOTED_INCLUDE_IN_FRAMEWORK_HEADER = YES;
				CLANG_WARN_RANGE_LOOP_ANALYSIS = YES;
				CLANG_WARN_STRICT_PROTOTYPES = YES;
				CLANG_WARN_SUSPICIOUS_MOVE = YES;
				CLANG_WARN_UNREACHABLE_CODE = YES;
				CLANG_WARN__DUPLICATE_METHOD_MATCH = YES;
				CLANG_X86_VECTOR_INSTRUCTIONS = default;
				COPY_PHASE_STRIP = NO;
				ENABLE_STRICT_OBJC_MSGSEND = YES;
				ENABLE_TESTABILITY = YES;
				GCC_C_LANGUAGE_STANDARD = gnu99;
				GCC_DYNAMIC_NO_PIC = NO;
				GCC_ENABLE_OBJC_EXCEPTIONS = YES;
				GCC_NO_COMMON_BLOCKS = YES;
				GCC_OPTIMIZATION_LEVEL = 0;
				GCC_PREPROCESSOR_DEFINITIONS = (
					"DEBUG=1",
					"$(inherited)",
				);
				GCC_SYMBOLS_PRIVATE_EXTERN = NO;
				GCC_WARN_64_TO_32_BIT_CONVERSION = YES;
				GCC_WARN_ABOUT_RETURN_TYPE = YES;
				GCC_WARN_UNDECLARED_SELECTOR = YES;
				GCC_WARN_UNINITIALIZED_AUTOS = YES;
				GCC_WARN_UNUSED_FUNCTION = YES;
				GCC_WARN_UNUSED_VARIABLE = YES;
				MACOSX_DEPLOYMENT_TARGET = 10.9;
				ONLY_ACTIVE_ARCH = YES;
				OTHER_CFLAGS = "";
				SDKROOT = macosx;
				VALID_ARCHS = x86_64;
			};
			name = Debug;
		};
		4792036C17B94EDE00B9DD3C /* Release */ = {
			isa = XCBuildConfiguration;
			buildSettings = {
				ALWAYS_SEARCH_USER_PATHS = NO;
				CLANG_ANALYZER_LOCALIZABILITY_NONLOCALIZED = YES;
				CLANG_CXX_LANGUAGE_STANDARD = "gnu++0x";
				CLANG_CXX_LIBRARY = "libc++";
				CLANG_WARN_BLOCK_CAPTURE_AUTORELEASING = YES;
				CLANG_WARN_BOOL_CONVERSION = YES;
				CLANG_WARN_COMMA = YES;
				CLANG_WARN_CONSTANT_CONVERSION = YES;
				CLANG_WARN_DEPRECATED_OBJC_IMPLEMENTATIONS = YES;
				CLANG_WARN_EMPTY_BODY = YES;
				CLANG_WARN_ENUM_CONVERSION = YES;
				CLANG_WARN_INFINITE_RECURSION = YES;
				CLANG_WARN_INT_CONVERSION = YES;
				CLANG_WARN_NON_LITERAL_NULL_CONVERSION = YES;
				CLANG_WARN_OBJC_IMPLICIT_RETAIN_SELF = YES;
				CLANG_WARN_OBJC_LITERAL_CONVERSION = YES;
				CLANG_WARN_QUOTED_INCLUDE_IN_FRAMEWORK_HEADER = YES;
				CLANG_WARN_RANGE_LOOP_ANALYSIS = YES;
				CLANG_WARN_STRICT_PROTOTYPES = YES;
				CLANG_WARN_SUSPICIOUS_MOVE = YES;
				CLANG_WARN_UNREACHABLE_CODE = YES;
				CLANG_WARN__DUPLICATE_METHOD_MATCH = YES;
				CLANG_X86_VECTOR_INSTRUCTIONS = default;
				COPY_PHASE_STRIP = YES;
				DEBUG_INFORMATION_FORMAT = "dwarf-with-dsym";
				ENABLE_STRICT_OBJC_MSGSEND = YES;
				GCC_C_LANGUAGE_STANDARD = gnu99;
				GCC_ENABLE_OBJC_EXCEPTIONS = YES;
				GCC_GENERATE_DEBUGGING_SYMBOLS = YES;
				GCC_NO_COMMON_BLOCKS = YES;
				GCC_OPTIMIZATION_LEVEL = fast;
				GCC_WARN_64_TO_32_BIT_CONVERSION = YES;
				GCC_WARN_ABOUT_RETURN_TYPE = YES;
				GCC_WARN_UNDECLARED_SELECTOR = YES;
				GCC_WARN_UNINITIALIZED_AUTOS = YES;
				GCC_WARN_UNUSED_FUNCTION = YES;
				GCC_WARN_UNUSED_VARIABLE = YES;
				MACOSX_DEPLOYMENT_TARGET = 10.9;
				OTHER_CFLAGS = "";
				SDKROOT = macosx;
				VALID_ARCHS = x86_64;
			};
			name = Release;
		};
		4792036E17B94EDE00B9DD3C /* Debug */ = {
			isa = XCBuildConfiguration;
			buildSettings = {
				CLANG_ENABLE_OBJC_WEAK = YES;
				CODE_SIGN_IDENTITY = "-";
				PRODUCT_NAME = eternityII;
			};
			name = Debug;
		};
		4792036F17B94EDE00B9DD3C /* Release */ = {
			isa = XCBuildConfiguration;
			buildSettings = {
				CLANG_ENABLE_OBJC_WEAK = YES;
				CODE_SIGN_IDENTITY = "-";
				GCC_OPTIMIZATION_LEVEL = 3;
				PRODUCT_NAME = eternityII;
			};
			name = Release;
		};
/* End XCBuildConfiguration section */

/* Begin XCConfigurationList section */
		4792035F17B94EDE00B9DD3C /* Build configuration list for PBXProject "eternityII" */ = {
			isa = XCConfigurationList;
			buildConfigurations = (
				4792036B17B94EDE00B9DD3C /* Debug */,
				4792036C17B94EDE00B9DD3C /* Release */,
			);
			defaultConfigurationIsVisible = 0;
			defaultConfigurationName = Release;
		};
		4792036D17B94EDE00B9DD3C /* Build configuration list for PBXNativeTarget "eternityII" */ = {
			isa = XCConfigurationList;
			buildConfigurations = (
				4792036E17B94EDE00B9DD3C /* Debug */,
				4792036F17B94EDE00B9DD3C /* Release */,
			);
			defaultConfigurationIsVisible = 0;
			defaultConfigurationName = Release;
		};
/* End XCConfigurationList section */
	};
	rootObject = 4792035C17B94EDE00B9DD3C /* Project object */;
}
