// !$*UTF8*$!
{
	archiveVersion = 1;
	classes = {
	};
	objectVersion = 46;
	objects = {

/* Begin PBXBuildFile section */
		4745D09F17D14BF000274B87 /* lifo.c in Sources */ = {isa = PBXBuildFile; fileRef = 4745D09E17D14BF000274B87 /* lifo.c */; };
		4749293017EA3C6D00298558 /* possibility.c in Sources */ = {isa = PBXBuildFile; fileRef = 4749292F17EA3C6D00298558 /* possibility.c */; };
		47633E4117F61FB700D62063 /* libreadline.dylib in Frameworks */ = {isa = PBXBuildFile; fileRef = 47633E4017F61FB700D62063 /* libreadline.dylib */; };
		476B5D5117BFAD4E00B2EE5C /* readdata.c in Sources */ = {isa = PBXBuildFile; fileRef = 476B5D5017BFAD4E00B2EE5C /* readdata.c */; };
		4792036817B94EDE00B9DD3C /* main.c in Sources */ = {isa = PBXBuildFile; fileRef = 4792036717B94EDE00B9DD3C /* main.c */; };
		4792037217B9558100B9DD3C /* tcpserver.c in Sources */ = {isa = PBXBuildFile; fileRef = 4792037117B9558100B9DD3C /* tcpserver.c */; };
		4792037517B96F2B00B9DD3C /* tcpclient.c in Sources */ = {isa = PBXBuildFile; fileRef = 4792037417B96F2B00B9DD3C /* tcpclient.c */; };
		47CA8A0418C32DAF001F3A9F /* Search_Possibility.cl in Sources */ = {isa = PBXBuildFile; fileRef = 47CA8A0118C32DAF001F3A9F /* Search_Possibility.cl */; };
		47CA8A0518C32DAF001F3A9F /* etii_opencl.c in Sources */ = {isa = PBXBuildFile; fileRef = 47CA8A0218C32DAF001F3A9F /* etii_opencl.c */; };
		47CF07D717F4CB8000A0FBA7 /* etii_protocol.c in Sources */ = {isa = PBXBuildFile; fileRef = 47CF07D617F4CB8000A0FBA7 /* etii_protocol.c */; };
		47CFC39417BFF3260009A35D /* part.c in Sources */ = {isa = PBXBuildFile; fileRef = 47CFC39317BFF3260009A35D /* part.c */; };
		47E2A99217EA2F65002A1BE0 /* datamanager.c in Sources */ = {isa = PBXBuildFile; fileRef = 47E2A98E17EA2F65002A1BE0 /* datamanager.c */; };
		47FC06CB17FDDEA3007930D8 /* OpenCL.framework in Frameworks */ = {isa = PBXBuildFile; fileRef = 47FC06CA17FDDEA3007930D8 /* OpenCL.framework */; };
/* End PBXBuildFile section */

/* Begin PBXCopyFilesBuildPhase section */
		4792036217B94EDE00B9DD3C /* CopyFiles */ = {
			isa = PBXCopyFilesBuildPhase;
			buildActionMask = 2147483647;
			dstPath = /usr/share/man/man1/;
			dstSubfolderSpec = 0;
			files = (
			);
			runOnlyForDeploymentPostprocessing = 1;
		};
/* End PBXCopyFilesBuildPhase section */

/* Begin PBXFileReference section */
		4745D09D17D14BDA00274B87 /* lifo.h */ = {isa = PBXFileReference; lastKnownFileType = sourcecode.c.h; path = lifo.h; sourceTree = "<group>"; };
		4745D09E17D14BF000274B87 /* lifo.c */ = {isa = PBXFileReference; fileEncoding = 4; lastKnownFileType = sourcecode.c.c; path = lifo.c; sourceTree = "<group>"; };
		4749292F17EA3C6D00298558 /* possibility.c */ = {isa = PBXFileReference; fileEncoding = 4; lastKnownFileType = sourcecode.c.c; path = possibility.c; sourceTree = "<group>"; };
		47633E4017F61FB700D62063 /* libreadline.dylib */ = {isa = PBXFileReference; lastKnownFileType = "compiled.mach-o.dylib"; name = libreadline.dylib; path = usr/lib/libreadline.dylib; sourceTree = SDKROOT; };
		476B5D4F17BFAD3200B2EE5C /* readdata.h */ = {isa = PBXFileReference; lastKnownFileType = sourcecode.c.h; path = readdata.h; sourceTree = "<group>"; };
		476B5D5017BFAD4E00B2EE5C /* readdata.c */ = {isa = PBXFileReference; fileEncoding = 4; lastKnownFileType = sourcecode.c.c; path = readdata.c; sourceTree = "<group>"; };
		4792036417B94EDE00B9DD3C /* eternityII */ = {isa = PBXFileReference; explicitFileType = "compiled.mach-o.executable"; includeInIndex = 0; path = eternityII; sourceTree = BUILT_PRODUCTS_DIR; };
		4792036717B94EDE00B9DD3C /* main.c */ = {isa = PBXFileReference; lastKnownFileType = sourcecode.c.c; path = main.c; sourceTree = "<group>"; };
		4792037017B9556900B9DD3C /* tcpserver.h */ = {isa = PBXFileReference; lastKnownFileType = sourcecode.c.h; path = tcpserver.h; sourceTree = "<group>"; };
		4792037117B9558100B9DD3C /* tcpserver.c */ = {isa = PBXFileReference; fileEncoding = 4; lastKnownFileType = sourcecode.c.c; path = tcpserver.c; sourceTree = "<group>"; };
		4792037317B96F2000B9DD3C /* tcpclient.h */ = {isa = PBXFileReference; lastKnownFileType = sourcecode.c.h; path = tcpclient.h; sourceTree = "<group>"; };
		4792037417B96F2B00B9DD3C /* tcpclient.c */ = {isa = PBXFileReference; fileEncoding = 4; lastKnownFileType = sourcecode.c.c; path = tcpclient.c; sourceTree = "<group>"; };
		47CA8A0118C32DAF001F3A9F /* Search_Possibility.cl */ = {isa = PBXFileReference; fileEncoding = 4; lastKnownFileType = sourcecode.opencl; path = Search_Possibility.cl; sourceTree = "<group>"; };
		47CA8A0218C32DAF001F3A9F /* etii_opencl.c */ = {isa = PBXFileReference; fileEncoding = 4; lastKnownFileType = sourcecode.c.c; path = etii_opencl.c; sourceTree = "<group>"; };
		47CA8A0718C32DBE001F3A9F /* etii_opencl_instance.h */ = {isa = PBXFileReference; fileEncoding = 4; lastKnownFileType = sourcecode.c.h; path = etii_opencl_instance.h; sourceTree = "<group>"; };
		47CA8A0818C32DBE001F3A9F /* etii_opencl.h */ = {isa = PBXFileReference; fileEncoding = 4; lastKnownFileType = sourcecode.c.h; path = etii_opencl.h; sourceTree = "<group>"; };
		47CF07D617F4CB8000A0FBA7 /* etii_protocol.c */ = {isa = PBXFileReference; fileEncoding = 4; lastKnownFileType = sourcecode.c.c; path = etii_protocol.c; sourceTree = "<group>"; };
		47CFC39217BFE8CA0009A35D /* part.h */ = {isa = PBXFileReference; lastKnownFileType = sourcecode.c.h; path = part.h; sourceTree = "<group>"; };
		47CFC39317BFF3260009A35D /* part.c */ = {isa = PBXFileReference; fileEncoding = 4; lastKnownFileType = sourcecode.c.c; path = part.c; sourceTree = "<group>"; };
		47E2A98E17EA2F65002A1BE0 /* datamanager.c */ = {isa = PBXFileReference; fileEncoding = 4; lastKnownFileType = sourcecode.c.c; path = datamanager.c; sourceTree = "<group>"; };
		47E2A98F17EA2F65002A1BE0 /* datamanager.h */ = {isa = PBXFileReference; fileEncoding = 4; lastKnownFileType = sourcecode.c.h; path = datamanager.h; sourceTree = "<group>"; };
		47E2A99017EA2F65002A1BE0 /* etii_protocol.h */ = {isa = PBXFileReference; fileEncoding = 4; lastKnownFileType = sourcecode.c.h; path = etii_protocol.h; sourceTree = "<group>"; };
		47E2A99117EA2F65002A1BE0 /* possibility.h */ = {isa = PBXFileReference; fileEncoding = 4; lastKnownFileType = sourcecode.c.h; path = possibility.h; sourceTree = "<group>"; };
		47FC06CA17FDDEA3007930D8 /* OpenCL.framework */ = {isa = PBXFileReference; lastKnownFileType = wrapper.framework; name = OpenCL.framework; path = System/Library/Frameworks/OpenCL.framework; sourceTree = SDKROOT; };
/* End PBXFileReference section */

/* Begin PBXFrameworksBuildPhase section */
		4792036117B94EDE00B9DD3C /* Frameworks */ = {
			isa = PBXFrameworksBuildPhase;
			buildActionMask = 2147483647;
			files = (
				47FC06CB17FDDEA3007930D8 /* OpenCL.framework in Frameworks */,
				47633E4117F61FB700D62063 /* libreadline.dylib in Frameworks */,
			);
			runOnlyForDeploymentPostprocessing = 0;
		};
/* End PBXFrameworksBuildPhase section */

/* Begin PBXGroup section */
		4792035B17B94EDE00B9DD3C = {
			isa = PBXGroup;
			children = (
				47FC06CA17FDDEA3007930D8 /* OpenCL.framework */,
				47633E4017F61FB700D62063 /* libreadline.dylib */,
				4792036617B94EDE00B9DD3C /* eternityII */,
			);
			sourceTree = "<group>";
		};
		4792036517B94EDE00B9DD3C /* Products */ = {
			isa = PBXGroup;
			children = (
				4792036417B94EDE00B9DD3C /* eternityII */,
			);
			name = Products;
			path = ..;
			sourceTree = "<group>";
		};
		4792036617B94EDE00B9DD3C /* eternityII */ = {
			isa = PBXGroup;
			children = (
				47CA8A0718C32DBE001F3A9F /* etii_opencl_instance.h */,
				47CA8A0818C32DBE001F3A9F /* etii_opencl.h */,
				47CA8A0118C32DAF001F3A9F /* Search_Possibility.cl */,
				47CA8A0218C32DAF001F3A9F /* etii_opencl.c */,
				47E2A99117EA2F65002A1BE0 /* possibility.h */,
				4749292F17EA3C6D00298558 /* possibility.c */,
				47E2A98F17EA2F65002A1BE0 /* datamanager.h */,
				47E2A98E17EA2F65002A1BE0 /* datamanager.c */,
				47E2A99017EA2F65002A1BE0 /* etii_protocol.h */,
				47CF07D617F4CB8000A0FBA7 /* etii_protocol.c */,
				4745D09D17D14BDA00274B87 /* lifo.h */,
				4745D09E17D14BF000274B87 /* lifo.c */,
				47CFC39217BFE8CA0009A35D /* part.h */,
				47CFC39317BFF3260009A35D /* part.c */,
				476B5D4F17BFAD3200B2EE5C /* readdata.h */,
				476B5D5017BFAD4E00B2EE5C /* readdata.c */,
				4792037317B96F2000B9DD3C /* tcpclient.h */,
				4792037417B96F2B00B9DD3C /* tcpclient.c */,
				4792037017B9556900B9DD3C /* tcpserver.h */,
				4792037117B9558100B9DD3C /* tcpserver.c */,
				4792036717B94EDE00B9DD3C /* main.c */,
				4792036517B94EDE00B9DD3C /* Products */,
			);
			path = eternityII;
			sourceTree = "<group>";
		};
/* End PBXGroup section */

/* Begin PBXNativeTarget section */
		4792036317B94EDE00B9DD3C /* eternityII */ = {
			isa = PBXNativeTarget;
			buildConfigurationList = 4792036D17B94EDE00B9DD3C /* Build configuration list for PBXNativeTarget "eternityII" */;
			buildPhases = (
				4792036017B94EDE00B9DD3C /* Sources */,
				4792036117B94EDE00B9DD3C /* Frameworks */,
				4792036217B94EDE00B9DD3C /* CopyFiles */,
			);
			buildRules = (
			);
			dependencies = (
			);
			name = eternityII;
			productName = EthServer;
			productReference = 4792036417B94EDE00B9DD3C /* eternityII */;
			productType = "com.apple.product-type.tool";
		};
/* End PBXNativeTarget section */

/* Begin PBXProject section */
		4792035C17B94EDE00B9DD3C /* Project object */ = {
			isa = PBXProject;
			attributes = {
				LastUpgradeCheck = 0500;
				ORGANIZATIONNAME = "Xavier GRIFFON";
			};
			buildConfigurationList = 4792035F17B94EDE00B9DD3C /* Build configuration list for PBXProject "eternityII" */;
			compatibilityVersion = "Xcode 3.2";
			developmentRegion = English;
			hasScannedForEncodings = 0;
			knownRegions = (
				en,
			);
			mainGroup = 4792035B17B94EDE00B9DD3C;
			productRefGroup = 4792036517B94EDE00B9DD3C /* Products */;
			projectDirPath = "";
			projectRoot = "";
			targets = (
				4792036317B94EDE00B9DD3C /* eternityII */,
			);
		};
/* End PBXProject section */

/* Begin PBXSourcesBuildPhase section */
		4792036017B94EDE00B9DD3C /* Sources */ = {
			isa = PBXSourcesBuildPhase;
			buildActionMask = 2147483647;
			files = (
				47E2A99217EA2F65002A1BE0 /* datamanager.c in Sources */,
				47CF07D717F4CB8000A0FBA7 /* etii_protocol.c in Sources */,
				4749293017EA3C6D00298558 /* possibility.c in Sources */,
				4745D09F17D14BF000274B87 /* lifo.c in Sources */,
				47CFC39417BFF3260009A35D /* part.c in Sources */,
				476B5D5117BFAD4E00B2EE5C /* readdata.c in Sources */,
				47CA8A0518C32DAF001F3A9F /* etii_opencl.c in Sources */,
				4792037517B96F2B00B9DD3C /* tcpclient.c in Sources */,
				4792037217B9558100B9DD3C /* tcpserver.c in Sources */,
				47CA8A0418C32DAF001F3A9F /* Search_Possibility.cl in Sources */,
				4792036817B94EDE00B9DD3C /* main.c in Sources */,
			);
			runOnlyForDeploymentPostprocessing = 0;
		};
/* End PBXSourcesBuildPhase section */

/* Begin XCBuildConfiguration section */
		4792036B17B94EDE00B9DD3C /* Debug */ = {
			isa = XCBuildConfiguration;
			buildSettings = {
				ALWAYS_SEARCH_USER_PATHS = NO;
				CLANG_CXX_LANGUAGE_STANDARD = "gnu++0x";
				CLANG_CXX_LIBRARY = "libc++";
				CLANG_WARN_CONSTANT_CONVERSION = YES;
				CLANG_WARN_EMPTY_BODY = YES;
				CLANG_WARN_ENUM_CONVERSION = YES;
				CLANG_WARN_INT_CONVERSION = YES;
				CLANG_WARN__DUPLICATE_METHOD_MATCH = YES;
				COPY_PHASE_STRIP = NO;
				GCC_C_LANGUAGE_STANDARD = gnu99;
				GCC_DYNAMIC_NO_PIC = NO;
				GCC_ENABLE_OBJC_EXCEPTIONS = YES;
				GCC_OPTIMIZATION_LEVEL = 0;
				GCC_PREPROCESSOR_DEFINITIONS = (
					"DEBUG=1",
					"$(inherited)",
				);
				GCC_SYMBOLS_PRIVATE_EXTERN = NO;
				GCC_WARN_64_TO_32_BIT_CONVERSION = YES;
				GCC_WARN_ABOUT_RETURN_TYPE = YES;
				GCC_WARN_UNINITIALIZED_AUTOS = YES;
				GCC_WARN_UNUSED_VARIABLE = YES;
				MACOSX_DEPLOYMENT_TARGET = 10.8;
				ONLY_ACTIVE_ARCH = YES;
				SDKROOT = macosx;
			};
			name = Debug;
		};
		4792036C17B94EDE00B9DD3C /* Release */ = {
			isa = XCBuildConfiguration;
			buildSettings = {
				ALWAYS_SEARCH_USER_PATHS = NO;
				CLANG_CXX_LANGUAGE_STANDARD = "gnu++0x";
				CLANG_CXX_LIBRARY = "libc++";
				CLANG_WARN_CONSTANT_CONVERSION = YES;
				CLANG_WARN_EMPTY_BODY = YES;
				CLANG_WARN_ENUM_CONVERSION = YES;
				CLANG_WARN_INT_CONVERSION = YES;
				CLANG_WARN__DUPLICATE_METHOD_MATCH = YES;
				COPY_PHASE_STRIP = YES;
				DEBUG_INFORMATION_FORMAT = "dwarf-with-dsym";
				GCC_C_LANGUAGE_STANDARD = gnu99;
				GCC_ENABLE_OBJC_EXCEPTIONS = YES;
				GCC_OPTIMIZATION_LEVEL = 3;
				GCC_WARN_64_TO_32_BIT_CONVERSION = YES;
				GCC_WARN_ABOUT_RETURN_TYPE = YES;
				GCC_WARN_UNINITIALIZED_AUTOS = YES;
				GCC_WARN_UNUSED_VARIABLE = YES;
				MACOSX_DEPLOYMENT_TARGET = 10.8;
				SDKROOT = macosx;
			};
			name = Release;
		};
		4792036E17B94EDE00B9DD3C /* Debug */ = {
			isa = XCBuildConfiguration;
			buildSettings = {
				ARCHS = "$(ARCHS_STANDARD)";
				CODE_SIGN_IDENTITY = "";
				PRODUCT_NAME = eternityII;
			};
			name = Debug;
		};
		4792036F17B94EDE00B9DD3C /* Release */ = {
			isa = XCBuildConfiguration;
			buildSettings = {
				ARCHS = "$(ARCHS_STANDARD)";
				CODE_SIGN_IDENTITY = "";
				GCC_OPTIMIZATION_LEVEL = 3;
				PRODUCT_NAME = eternityII;
			};
			name = Release;
		};
/* End XCBuildConfiguration section */

/* Begin XCConfigurationList section */
		4792035F17B94EDE00B9DD3C /* Build configuration list for PBXProject "eternityII" */ = {
			isa = XCConfigurationList;
			buildConfigurations = (
				4792036B17B94EDE00B9DD3C /* Debug */,
				4792036C17B94EDE00B9DD3C /* Release */,
			);
			defaultConfigurationIsVisible = 0;
			defaultConfigurationName = Release;
		};
		4792036D17B94EDE00B9DD3C /* Build configuration list for PBXNativeTarget "eternityII" */ = {
			isa = XCConfigurationList;
			buildConfigurations = (
				4792036E17B94EDE00B9DD3C /* Debug */,
				4792036F17B94EDE00B9DD3C /* Release */,
			);
			defaultConfigurationIsVisible = 0;
			defaultConfigurationName = Release;
		};
/* End XCConfigurationList section */
	};
	rootObject = 4792035C17B94EDE00B9DD3C /* Project object */;
}
