// !$*UTF8*$!
{
	archiveVersion = 1;
	classes = {
	};
	objectVersion = 54;
	objects = {

/* Begin PBXBuildFile section */
		133638C881E94583A81AE340 /* src/ui/command_history.c in Sources */ = {isa = PBXBuildFile; fileRef = 8988A44E66C549A1BF27E7AB /* src/ui/command_history.c */; };
		4721E6682735C0630098008D /* src/ui/logger.c in Sources */ = {isa = PBXBuildFile; fileRef = 4721E667273518820098008D /* src/ui/logger.c */; };
		4781C2762549DBFE0065D6D0 /* src/app/etii_server.c in Sources */ = {isa = PBXBuildFile; fileRef = 4781C2572549DBFD0065D6D0 /* src/app/etii_server.c */; };
		4781C2772549DBFE0065D6D0 /* src/net/tcpserver.c in Sources */ = {isa = PBXBuildFile; fileRef = 4781C2592549DBFD0065D6D0 /* src/net/tcpserver.c */; };
		4781C2782549DBFE0065D6D0 /* src/core/possibility.c in Sources */ = {isa = PBXBuildFile; fileRef = 4781C25B2549DBFD0065D6D0 /* src/core/possibility.c */; };
		4781C2792549DBFE0065D6D0 /* src/core/lifo.c in Sources */ = {isa = PBXBuildFile; fileRef = 4781C25C2549DBFD0065D6D0 /* src/core/lifo.c */; };
		4781C27A2549DBFE0065D6D0 /* src/core/datamanager.c in Sources */ = {isa = PBXBuildFile; fileRef = 4781C25E2549DBFD0065D6D0 /* src/core/datamanager.c */; };
		4781C27B2549DBFE0065D6D0 /* src/net/tcpclient.c in Sources */ = {isa = PBXBuildFile; fileRef = 4781C2612549DBFD0065D6D0 /* src/net/tcpclient.c */; };
		4781C27C2549DBFE0065D6D0 /* src/app/static_variables.c in Sources */ = {isa = PBXBuildFile; fileRef = 4781C2642549DBFD0065D6D0 /* src/app/static_variables.c */; };
		4781C27D2549DBFE0065D6D0 /* src/app/main.c in Sources */ = {isa = PBXBuildFile; fileRef = 4781C2682549DBFD0065D6D0 /* src/app/main.c */; };
		4781C27E2549DBFE0065D6D0 /* src/ui/console.c in Sources */ = {isa = PBXBuildFile; fileRef = 4781C26A2549DBFD0065D6D0 /* src/ui/console.c */; };
		4781C27F2549DBFE0065D6D0 /* src/app/etii_client.c in Sources */ = {isa = PBXBuildFile; fileRef = 4781C26C2549DBFD0065D6D0 /* src/app/etii_client.c */; };
		4781C2802549DBFE0065D6D0 /* src/core/readdata.c in Sources */ = {isa = PBXBuildFile; fileRef = 4781C26D2549DBFE0065D6D0 /* src/core/readdata.c */; };
		4781C2812549DBFE0065D6D0 /* src/net/etii_protocol.c in Sources */ = {isa = PBXBuildFile; fileRef = 4781C26E2549DBFE0065D6D0 /* src/net/etii_protocol.c */; };
		4781C2822549DBFE0065D6D0 /* src/core/etii_search.c in Sources */ = {isa = PBXBuildFile; fileRef = 4781C26F2549DBFE0065D6D0 /* src/core/etii_search.c */; };
		4781C2832549DBFE0065D6D0 /* src/core/part.c in Sources */ = {isa = PBXBuildFile; fileRef = 4781C2732549DBFE0065D6D0 /* src/core/part.c */; };
		47BEE79F2569013F0047C348 /* src/ui/command_lines.c in Sources */ = {isa = PBXBuildFile; fileRef = 47BEE79D256821230047C348 /* src/ui/command_lines.c */; };
		47D25A5625658F080025E241 /* src/net/local_socket.c in Sources */ = {isa = PBXBuildFile; fileRef = 47D25A5325658E9C0025E241 /* src/net/local_socket.c */; };
		F1D4E5B10E7342639CEB947F /* src/ui/command_match.c in Sources */ = {isa = PBXBuildFile; fileRef = 2024FF6C9AC94793AC605EB8 /* src/ui/command_match.c */; };
/* End PBXBuildFile section */

/* Begin PBXCopyFilesBuildPhase section */
		4792036217B94EDE00B9DD3C /* CopyFiles */ = {
			isa = PBXCopyFilesBuildPhase;
			buildActionMask = 8;
			dstPath = /usr/share/man/man1;
			dstSubfolderSpec = 0;
			files = (
			);
			runOnlyForDeploymentPostprocessing = 1;
		};
/* End PBXCopyFilesBuildPhase section */

/* Begin PBXFileReference section */
		1665679E36694DA4BC1835E3 /* src/ui/command_history.h */ = {isa = PBXFileReference; lastKnownFileType = sourcecode.c.h; path = src/ui/command_history.h; sourceTree = "<group>"; };
		2024FF6C9AC94793AC605EB8 /* src/ui/command_match.c */ = {isa = PBXFileReference; lastKnownFileType = sourcecode.c.c; path = src/ui/command_match.c; sourceTree = "<group>"; };
		2D5E2F9012BE432A86B237D8 /* src/ui/command_match.h */ = {isa = PBXFileReference; lastKnownFileType = sourcecode.c.h; path = src/ui/command_match.h; sourceTree = "<group>"; };
		4721E6662735150F0098008D /* src/ui/logger.h */ = {isa = PBXFileReference; lastKnownFileType = sourcecode.c.h; path = src/ui/logger.h; sourceTree = "<group>"; };
		4721E667273518820098008D /* src/ui/logger.c */ = {isa = PBXFileReference; lastKnownFileType = sourcecode.c.c; path = src/ui/logger.c; sourceTree = "<group>"; };
		4781C2572549DBFD0065D6D0 /* src/app/etii_server.c */ = {isa = PBXFileReference; fileEncoding = 4; lastKnownFileType = sourcecode.c.c; path = src/app/etii_server.c; sourceTree = "<group>"; };
		4781C2582549DBFD0065D6D0 /* src/core/possibility.h */ = {isa = PBXFileReference; fileEncoding = 4; lastKnownFileType = sourcecode.c.h; path = src/core/possibility.h; sourceTree = "<group>"; };
		4781C2592549DBFD0065D6D0 /* src/net/tcpserver.c */ = {isa = PBXFileReference; fileEncoding = 4; lastKnownFileType = sourcecode.c.c; path = src/net/tcpserver.c; sourceTree = "<group>"; };
		4781C25A2549DBFD0065D6D0 /* src/core/lifo.h */ = {isa = PBXFileReference; fileEncoding = 4; lastKnownFileType = sourcecode.c.h; path = src/core/lifo.h; sourceTree = "<group>"; };
		4781C25B2549DBFD0065D6D0 /* src/core/possibility.c */ = {isa = PBXFileReference; fileEncoding = 4; lastKnownFileType = sourcecode.c.c; path = src/core/possibility.c; sourceTree = "<group>"; };
		4781C25C2549DBFD0065D6D0 /* src/core/lifo.c */ = {isa = PBXFileReference; fileEncoding = 4; lastKnownFileType = sourcecode.c.c; path = src/core/lifo.c; sourceTree = "<group>"; };
		4781C25D2549DBFD0065D6D0 /* src/app/static_variables.h */ = {isa = PBXFileReference; fileEncoding = 4; lastKnownFileType = sourcecode.c.h; path = src/app/static_variables.h; sourceTree = "<group>"; };
		4781C25E2549DBFD0065D6D0 /* src/core/datamanager.c */ = {isa = PBXFileReference; fileEncoding = 4; lastKnownFileType = sourcecode.c.c; path = src/core/datamanager.c; sourceTree = "<group>"; };
		4781C25F2549DBFD0065D6D0 /* README.md */ = {isa = PBXFileReference; fileEncoding = 4; lastKnownFileType = net.daringfireball.markdown; path = README.md; sourceTree = "<group>"; };
		4781C2612549DBFD0065D6D0 /* src/net/tcpclient.c */ = {isa = PBXFileReference; fileEncoding = 4; lastKnownFileType = sourcecode.c.c; path = src/net/tcpclient.c; sourceTree = "<group>"; };
		4781C2622549DBFD0065D6D0 /* src/net/tcpclient.h */ = {isa = PBXFileReference; fileEncoding = 4; lastKnownFileType = sourcecode.c.h; path = src/net/tcpclient.h; sourceTree = "<group>"; };
		4781C2632549DBFD0065D6D0 /* src/net/tcpserver.h */ = {isa = PBXFileReference; fileEncoding = 4; lastKnownFileType = sourcecode.c.h; path = src/net/tcpserver.h; sourceTree = "<group>"; };
		4781C2642549DBFD0065D6D0 /* src/app/static_variables.c */ = {isa = PBXFileReference; fileEncoding = 4; lastKnownFileType = sourcecode.c.c; path = src/app/static_variables.c; sourceTree = "<group>"; };
		4781C2652549DBFD0065D6D0 /* src/app/etii_server.h */ = {isa = PBXFileReference; fileEncoding = 4; lastKnownFileType = sourcecode.c.h; path = src/app/etii_server.h; sourceTree = "<group>"; };
		4781C2662549DBFD0065D6D0 /* src/core/datamanager.h */ = {isa = PBXFileReference; fileEncoding = 4; lastKnownFileType = sourcecode.c.h; path = src/core/datamanager.h; sourceTree = "<group>"; };
		4781C2672549DBFD0065D6D0 /* src/app/etii_client.h */ = {isa = PBXFileReference; fileEncoding = 4; lastKnownFileType = sourcecode.c.h; path = src/app/etii_client.h; sourceTree = "<group>"; };
		4781C2682549DBFD0065D6D0 /* src/app/main.c */ = {isa = PBXFileReference; fileEncoding = 4; lastKnownFileType = sourcecode.c.c; path = src/app/main.c; sourceTree = "<group>"; };
		4781C2692549DBFD0065D6D0 /* data/pieces.csv */ = {isa = PBXFileReference; fileEncoding = 4; lastKnownFileType = text; path = data/pieces.csv; sourceTree = "<group>"; };
		4781C26A2549DBFD0065D6D0 /* src/ui/console.c */ = {isa = PBXFileReference; fileEncoding = 4; lastKnownFileType = sourcecode.c.c; path = src/ui/console.c; sourceTree = "<group>"; };
		4781C26B2549DBFD0065D6D0 /* src/ui/console.h */ = {isa = PBXFileReference; fileEncoding = 4; lastKnownFileType = sourcecode.c.h; path = src/ui/console.h; sourceTree = "<group>"; };
		4781C26C2549DBFD0065D6D0 /* src/app/etii_client.c */ = {isa = PBXFileReference; fileEncoding = 4; lastKnownFileType = sourcecode.c.c; path = src/app/etii_client.c; sourceTree = "<group>"; };
		4781C26D2549DBFE0065D6D0 /* src/core/readdata.c */ = {isa = PBXFileReference; fileEncoding = 4; lastKnownFileType = sourcecode.c.c; path = src/core/readdata.c; sourceTree = "<group>"; };
		4781C26E2549DBFE0065D6D0 /* src/net/etii_protocol.c */ = {isa = PBXFileReference; fileEncoding = 4; lastKnownFileType = sourcecode.c.c; path = src/net/etii_protocol.c; sourceTree = "<group>"; };
		4781C26F2549DBFE0065D6D0 /* src/core/etii_search.c */ = {isa = PBXFileReference; fileEncoding = 4; lastKnownFileType = sourcecode.c.c; path = src/core/etii_search.c; sourceTree = "<group>"; };
		4781C2702549DBFE0065D6D0 /* src/net/etii_protocol.h */ = {isa = PBXFileReference; fileEncoding = 4; lastKnownFileType = sourcecode.c.h; path = src/net/etii_protocol.h; sourceTree = "<group>"; };
		4781C2712549DBFE0065D6D0 /* src/core/etii_search.h */ = {isa = PBXFileReference; fileEncoding = 4; lastKnownFileType = sourcecode.c.h; path = src/core/etii_search.h; sourceTree = "<group>"; };
		4781C2722549DBFE0065D6D0 /* src/core/readdata.h */ = {isa = PBXFileReference; fileEncoding = 4; lastKnownFileType = sourcecode.c.h; path = src/core/readdata.h; sourceTree = "<group>"; };
		4781C2732549DBFE0065D6D0 /* src/core/part.c */ = {isa = PBXFileReference; fileEncoding = 4; lastKnownFileType = sourcecode.c.c; path = src/core/part.c; sourceTree = "<group>"; };
		4781C2752549DBFE0065D6D0 /* src/core/part.h */ = {isa = PBXFileReference; fileEncoding = 4; lastKnownFileType = sourcecode.c.h; path = src/core/part.h; sourceTree = "<group>"; };
		4781C2912549ED6B0065D6D0 /* eternityII */ = {isa = PBXFileReference; explicitFileType = "compiled.mach-o.executable"; includeInIndex = 0; path = eternityII; sourceTree = BUILT_PRODUCTS_DIR; };
		479C0939256AD4FF000163EE /* src/app/etii_statistic.h */ = {isa = PBXFileReference; lastKnownFileType = sourcecode.c.h; path = src/app/etii_statistic.h; sourceTree = "<group>"; };
		47BEE79C256821230047C348 /* src/ui/command_lines.h */ = {isa = PBXFileReference; lastKnownFileType = sourcecode.c.h; path = src/ui/command_lines.h; sourceTree = "<group>"; };
		47BEE79D256821230047C348 /* src/ui/command_lines.c */ = {isa = PBXFileReference; lastKnownFileType = sourcecode.c.c; path = src/ui/command_lines.c; sourceTree = "<group>"; };
		47D25A5325658E9C0025E241 /* src/net/local_socket.c */ = {isa = PBXFileReference; lastKnownFileType = sourcecode.c.c; path = src/net/local_socket.c; sourceTree = "<group>"; };
		47D25A5425658E9C0025E241 /* src/net/local_socket.h */ = {isa = PBXFileReference; lastKnownFileType = sourcecode.c.h; path = src/net/local_socket.h; sourceTree = "<group>"; };
		8988A44E66C549A1BF27E7AB /* src/ui/command_history.c */ = {isa = PBXFileReference; lastKnownFileType = sourcecode.c.c; path = src/ui/command_history.c; sourceTree = "<group>"; };
/* End PBXFileReference section */

/* Begin PBXFrameworksBuildPhase section */
		4792036117B94EDE00B9DD3C /* Frameworks */ = {
			isa = PBXFrameworksBuildPhase;
			buildActionMask = 2147483647;
			files = (
			);
			runOnlyForDeploymentPostprocessing = 0;
		};
/* End PBXFrameworksBuildPhase section */

/* Begin PBXGroup section */
		4781C2882549DE320065D6D0 /* Products */ = {
			isa = PBXGroup;
			children = (
				4781C2912549ED6B0065D6D0 /* eternityII */,
			);
			name = Products;
			sourceTree = "<group>";
		};
		4792035B17B94EDE00B9DD3C = {
			isa = PBXGroup;
			children = (
				4721E667273518820098008D /* src/ui/logger.c */,
				4721E6662735150F0098008D /* src/ui/logger.h */,
				479C0939256AD4FF000163EE /* src/app/etii_statistic.h */,
				47BEE79C256821230047C348 /* src/ui/command_lines.h */,
				47BEE79D256821230047C348 /* src/ui/command_lines.c */,
				2024FF6C9AC94793AC605EB8 /* src/ui/command_match.c */,
				2D5E2F9012BE432A86B237D8 /* src/ui/command_match.h */,
				8988A44E66C549A1BF27E7AB /* src/ui/command_history.c */,
				1665679E36694DA4BC1835E3 /* src/ui/command_history.h */,
				47D25A5325658E9C0025E241 /* src/net/local_socket.c */,
				47D25A5425658E9C0025E241 /* src/net/local_socket.h */,
				4781C26A2549DBFD0065D6D0 /* src/ui/console.c */,
				4781C26B2549DBFD0065D6D0 /* src/ui/console.h */,
				4781C25E2549DBFD0065D6D0 /* src/core/datamanager.c */,
				4781C2662549DBFD0065D6D0 /* src/core/datamanager.h */,
				4781C26C2549DBFD0065D6D0 /* src/app/etii_client.c */,
				4781C2672549DBFD0065D6D0 /* src/app/etii_client.h */,
				4781C26E2549DBFE0065D6D0 /* src/net/etii_protocol.c */,
				4781C2702549DBFE0065D6D0 /* src/net/etii_protocol.h */,
				4781C26F2549DBFE0065D6D0 /* src/core/etii_search.c */,
				4781C2712549DBFE0065D6D0 /* src/core/etii_search.h */,
				4781C2572549DBFD0065D6D0 /* src/app/etii_server.c */,
				4781C2652549DBFD0065D6D0 /* src/app/etii_server.h */,
				4781C25C2549DBFD0065D6D0 /* src/core/lifo.c */,
				4781C25A2549DBFD0065D6D0 /* src/core/lifo.h */,
				4781C2682549DBFD0065D6D0 /* src/app/main.c */,
				4781C2732549DBFE0065D6D0 /* src/core/part.c */,
				4781C2752549DBFE0065D6D0 /* src/core/part.h */,
				4781C2692549DBFD0065D6D0 /* data/pieces.csv */,
				4781C25B2549DBFD0065D6D0 /* src/core/possibility.c */,
				4781C2582549DBFD0065D6D0 /* src/core/possibility.h */,
				4781C26D2549DBFE0065D6D0 /* src/core/readdata.c */,
				4781C2722549DBFE0065D6D0 /* src/core/readdata.h */,
				4781C25F2549DBFD0065D6D0 /* README.md */,
				4781C2642549DBFD0065D6D0 /* src/app/static_variables.c */,
				4781C25D2549DBFD0065D6D0 /* src/app/static_variables.h */,
				4781C2612549DBFD0065D6D0 /* src/net/tcpclient.c */,
				4781C2622549DBFD0065D6D0 /* src/net/tcpclient.h */,
				4781C2592549DBFD0065D6D0 /* src/net/tcpserver.c */,
				4781C2632549DBFD0065D6D0 /* src/net/tcpserver.h */,
				4781C2882549DE320065D6D0 /* Products */,
			);
			sourceTree = "<group>";
		};
/* End PBXGroup section */

/* Begin PBXNativeTarget section */
		4792036317B94EDE00B9DD3C /* eternityII */ = {
			isa = PBXNativeTarget;
			buildConfigurationList = 4792036D17B94EDE00B9DD3C /* Build configuration list for PBXNativeTarget "eternityII" */;
			buildPhases = (
				4792036017B94EDE00B9DD3C /* Sources */,
				4792036117B94EDE00B9DD3C /* Frameworks */,
				4792036217B94EDE00B9DD3C /* CopyFiles */,
			);
			buildRules = (
			);
			dependencies = (
			);
			name = eternityII;
			productName = EthServer;
			productReference = 4781C2912549ED6B0065D6D0 /* eternityII */;
			productType = "com.apple.product-type.tool";
		};
/* End PBXNativeTarget section */

/* Begin PBXProject section */
		4792035C17B94EDE00B9DD3C /* Project object */ = {
			isa = PBXProject;
			attributes = {
				BuildIndependentTargetsInParallel = YES;
				LastUpgradeCheck = 2650;
				ORGANIZATIONNAME = "Xavier GRIFFON";
			};
			buildConfigurationList = 4792035F17B94EDE00B9DD3C /* Build configuration list for PBXProject "eternityII" */;
			compatibilityVersion = "Xcode 3.2";
			developmentRegion = en;
			hasScannedForEncodings = 0;
			knownRegions = (
				en,
				Base,
			);
			mainGroup = 4792035B17B94EDE00B9DD3C;
			productRefGroup = 4781C2882549DE320065D6D0 /* Products */;
			projectDirPath = "";
			projectRoot = "";
			targets = (
				4792036317B94EDE00B9DD3C /* eternityII */,
			);
		};
/* End PBXProject section */

/* Begin PBXSourcesBuildPhase section */
		4792036017B94EDE00B9DD3C /* Sources */ = {
			isa = PBXSourcesBuildPhase;
			buildActionMask = 2147483647;
			files = (
				4721E6682735C0630098008D /* src/ui/logger.c in Sources */,
				47D25A5625658F080025E241 /* src/net/local_socket.c in Sources */,
				4781C2812549DBFE0065D6D0 /* src/net/etii_protocol.c in Sources */,
				4781C27E2549DBFE0065D6D0 /* src/ui/console.c in Sources */,
				4781C2772549DBFE0065D6D0 /* src/net/tcpserver.c in Sources */,
				4781C2792549DBFE0065D6D0 /* src/core/lifo.c in Sources */,
				4781C27A2549DBFE0065D6D0 /* src/core/datamanager.c in Sources */,
				4781C2762549DBFE0065D6D0 /* src/app/etii_server.c in Sources */,
				47BEE79F2569013F0047C348 /* src/ui/command_lines.c in Sources */,
				F1D4E5B10E7342639CEB947F /* src/ui/command_match.c in Sources */,
				133638C881E94583A81AE340 /* src/ui/command_history.c in Sources */,
				4781C27D2549DBFE0065D6D0 /* src/app/main.c in Sources */,
				4781C27B2549DBFE0065D6D0 /* src/net/tcpclient.c in Sources */,
				4781C27F2549DBFE0065D6D0 /* src/app/etii_client.c in Sources */,
				4781C27C2549DBFE0065D6D0 /* src/app/static_variables.c in Sources */,
				4781C2782549DBFE0065D6D0 /* src/core/possibility.c in Sources */,
				4781C2802549DBFE0065D6D0 /* src/core/readdata.c in Sources */,
				4781C2832549DBFE0065D6D0 /* src/core/part.c in Sources */,
				4781C2822549DBFE0065D6D0 /* src/core/etii_search.c in Sources */,
			);
			runOnlyForDeploymentPostprocessing = 0;
		};
/* End PBXSourcesBuildPhase section */

/* Begin XCBuildConfiguration section */
		4792036B17B94EDE00B9DD3C /* Debug */ = {
			isa = XCBuildConfiguration;
			buildSettings = {
				ALWAYS_SEARCH_USER_PATHS = NO;
				CLANG_ANALYZER_LOCALIZABILITY_NONLOCALIZED = YES;
				CLANG_CXX_LANGUAGE_STANDARD = "gnu++0x";
				CLANG_CXX_LIBRARY = "libc++";
				CLANG_WARN_BLOCK_CAPTURE_AUTORELEASING = YES;
				CLANG_WARN_BOOL_CONVERSION = YES;
				CLANG_WARN_COMMA = YES;
				CLANG_WARN_CONSTANT_CONVERSION = YES;
				CLANG_WARN_DEPRECATED_OBJC_IMPLEMENTATIONS = YES;
				CLANG_WARN_EMPTY_BODY = YES;
				CLANG_WARN_ENUM_CONVERSION = YES;
				CLANG_WARN_INFINITE_RECURSION = YES;
				CLANG_WARN_INT_CONVERSION = YES;
				CLANG_WARN_NON_LITERAL_NULL_CONVERSION = YES;
				CLANG_WARN_OBJC_IMPLICIT_RETAIN_SELF = YES;
				CLANG_WARN_OBJC_LITERAL_CONVERSION = YES;
				CLANG_WARN_QUOTED_INCLUDE_IN_FRAMEWORK_HEADER = YES;
				CLANG_WARN_RANGE_LOOP_ANALYSIS = YES;
				CLANG_WARN_STRICT_PROTOTYPES = YES;
				CLANG_WARN_SUSPICIOUS_MOVE = YES;
				CLANG_WARN_UNREACHABLE_CODE = YES;
				CLANG_WARN__DUPLICATE_METHOD_MATCH = YES;
				CLANG_X86_VECTOR_INSTRUCTIONS = default;
				COPY_PHASE_STRIP = NO;
				DEAD_CODE_STRIPPING = YES;
				ENABLE_STRICT_OBJC_MSGSEND = YES;
				ENABLE_TESTABILITY = YES;
				ENABLE_USER_SCRIPT_SANDBOXING = YES;
				GCC_C_LANGUAGE_STANDARD = gnu99;
				GCC_DYNAMIC_NO_PIC = NO;
				GCC_ENABLE_OBJC_EXCEPTIONS = YES;
				GCC_NO_COMMON_BLOCKS = YES;
				GCC_OPTIMIZATION_LEVEL = 0;
				GCC_PREPROCESSOR_DEFINITIONS = (
					"DEBUG=1",
					"$(inherited)",
				);
				GCC_SYMBOLS_PRIVATE_EXTERN = NO;
				GCC_WARN_64_TO_32_BIT_CONVERSION = YES;
				GCC_WARN_ABOUT_RETURN_TYPE = YES;
				GCC_WARN_UNDECLARED_SELECTOR = YES;
				GCC_WARN_UNINITIALIZED_AUTOS = YES;
				GCC_WARN_UNUSED_FUNCTION = YES;
				GCC_WARN_UNUSED_VARIABLE = YES;
				MACOSX_DEPLOYMENT_TARGET = 10.9;
				ONLY_ACTIVE_ARCH = YES;
				OTHER_CFLAGS = "";
				SDKROOT = macosx;
				VALID_ARCHS = x86_64;
			};
			name = Debug;
		};
		4792036C17B94EDE00B9DD3C /* Release */ = {
			isa = XCBuildConfiguration;
			buildSettings = {
				ALWAYS_SEARCH_USER_PATHS = NO;
				CLANG_ANALYZER_LOCALIZABILITY_NONLOCALIZED = YES;
				CLANG_CXX_LANGUAGE_STANDARD = "gnu++0x";
				CLANG_CXX_LIBRARY = "libc++";
				CLANG_WARN_BLOCK_CAPTURE_AUTORELEASING = YES;
				CLANG_WARN_BOOL_CONVERSION = YES;
				CLANG_WARN_COMMA = YES;
				CLANG_WARN_CONSTANT_CONVERSION = YES;
				CLANG_WARN_DEPRECATED_OBJC_IMPLEMENTATIONS = YES;
				CLANG_WARN_EMPTY_BODY = YES;
				CLANG_WARN_ENUM_CONVERSION = YES;
				CLANG_WARN_INFINITE_RECURSION = YES;
				CLANG_WARN_INT_CONVERSION = YES;
				CLANG_WARN_NON_LITERAL_NULL_CONVERSION = YES;
				CLANG_WARN_OBJC_IMPLICIT_RETAIN_SELF = YES;
				CLANG_WARN_OBJC_LITERAL_CONVERSION = YES;
				CLANG_WARN_QUOTED_INCLUDE_IN_FRAMEWORK_HEADER = YES;
				CLANG_WARN_RANGE_LOOP_ANALYSIS = YES;
				CLANG_WARN_STRICT_PROTOTYPES = YES;
				CLANG_WARN_SUSPICIOUS_MOVE = YES;
				CLANG_WARN_UNREACHABLE_CODE = YES;
				CLANG_WARN__DUPLICATE_METHOD_MATCH = YES;
				CLANG_X86_VECTOR_INSTRUCTIONS = default;
				COPY_PHASE_STRIP = YES;
				DEAD_CODE_STRIPPING = YES;
				DEBUG_INFORMATION_FORMAT = "dwarf-with-dsym";
				ENABLE_STRICT_OBJC_MSGSEND = YES;
				ENABLE_USER_SCRIPT_SANDBOXING = YES;
				GCC_C_LANGUAGE_STANDARD = gnu99;
				GCC_ENABLE_OBJC_EXCEPTIONS = YES;
				GCC_GENERATE_DEBUGGING_SYMBOLS = YES;
				GCC_NO_COMMON_BLOCKS = YES;
				GCC_OPTIMIZATION_LEVEL = fast;
				GCC_WARN_64_TO_32_BIT_CONVERSION = YES;
				GCC_WARN_ABOUT_RETURN_TYPE = YES;
				GCC_WARN_UNDECLARED_SELECTOR = YES;
				GCC_WARN_UNINITIALIZED_AUTOS = YES;
				GCC_WARN_UNUSED_FUNCTION = YES;
				GCC_WARN_UNUSED_VARIABLE = YES;
				MACOSX_DEPLOYMENT_TARGET = 10.9;
				OTHER_CFLAGS = "";
				SDKROOT = macosx;
				VALID_ARCHS = x86_64;
			};
			name = Release;
		};
		4792036E17B94EDE00B9DD3C /* Debug */ = {
			isa = XCBuildConfiguration;
			buildSettings = {
				CLANG_ENABLE_OBJC_WEAK = YES;
				CODE_SIGN_IDENTITY = "-";
				DEAD_CODE_STRIPPING = YES;
				HEADER_SEARCH_PATHS = src;
				MACOSX_DEPLOYMENT_TARGET = 26.0;
				PRODUCT_NAME = eternityII;
			};
			name = Debug;
		};
		4792036F17B94EDE00B9DD3C /* Release */ = {
			isa = XCBuildConfiguration;
			buildSettings = {
				CLANG_ENABLE_OBJC_WEAK = YES;
				CODE_SIGN_IDENTITY = "-";
				DEAD_CODE_STRIPPING = YES;
				GCC_OPTIMIZATION_LEVEL = 3;
				HEADER_SEARCH_PATHS = src;
				MACOSX_DEPLOYMENT_TARGET = 26.0;
				PRODUCT_NAME = eternityII;
			};
			name = Release;
		};
/* End XCBuildConfiguration section */

/* Begin XCConfigurationList section */
		4792035F17B94EDE00B9DD3C /* Build configuration list for PBXProject "eternityII" */ = {
			isa = XCConfigurationList;
			buildConfigurations = (
				4792036B17B94EDE00B9DD3C /* Debug */,
				4792036C17B94EDE00B9DD3C /* Release */,
			);
			defaultConfigurationIsVisible = 0;
			defaultConfigurationName = Release;
		};
		4792036D17B94EDE00B9DD3C /* Build configuration list for PBXNativeTarget "eternityII" */ = {
			isa = XCConfigurationList;
			buildConfigurations = (
				4792036E17B94EDE00B9DD3C /* Debug */,
				4792036F17B94EDE00B9DD3C /* Release */,
			);
			defaultConfigurationIsVisible = 0;
			defaultConfigurationName = Release;
		};
/* End XCConfigurationList section */
	};
	rootObject = 4792035C17B94EDE00B9DD3C /* Project object */;
}
